// !$*UTF8*$!
{
	archiveVersion = 1;
	classes = {
	};
	objectVersion = 56;
	objects = {

/* Begin PBXBuildFile section */
		A10001001 /* ProjectVaultApp.swift in Sources */ = {isa = PBXBuildFile; fileRef = A10000001; };
		A10001002 /* ContentView.swift in Sources */ = {isa = PBXBuildFile; fileRef = A10000002; };
		A10001003 /* Question.swift in Sources */ = {isa = PBXBuildFile; fileRef = A10000003; };
		A10001004 /* Domain.swift in Sources */ = {isa = PBXBuildFile; fileRef = A10000004; };
		A10001005 /* QuizSession.swift in Sources */ = {isa = PBXBuildFile; fileRef = A10000005; };
		A10001006 /* Theme.swift in Sources */ = {isa = PBXBuildFile; fileRef = A10000006; };
		A10001021 /* DataService.swift in Sources */ = {isa = PBXBuildFile; fileRef = A10000021; };
		A10001028 /* StoreKitManager.swift in Sources */ = {isa = PBXBuildFile; fileRef = A10000028; };
		A10001029 /* PaywallView.swift in Sources */ = {isa = PBXBuildFile; fileRef = A10000029; };
		A10001030 /* StatsDashboardView.swift in Sources */ = {isa = PBXBuildFile; fileRef = A10000030; };
		A10001009 /* AppState.swift in Sources */ = {isa = PBXBuildFile; fileRef = A10000009; };
		A10001010 /* QuizViewModel.swift in Sources */ = {isa = PBXBuildFile; fileRef = A10000010; };
		A10001011 /* SplashScreenView.swift in Sources */ = {isa = PBXBuildFile; fileRef = A10000011; };
		A10001012 /* MainTabView.swift in Sources */ = {isa = PBXBuildFile; fileRef = A10000012; };
		A10001013 /* HomeView.swift in Sources */ = {isa = PBXBuildFile; fileRef = A10000013; };
		A10001022 /* StudyView.swift in Sources */ = {isa = PBXBuildFile; fileRef = A10000022; };
		A10001023 /* QuickQuizView.swift in Sources */ = {isa = PBXBuildFile; fileRef = A10000023; };
		A10001024 /* MockExamView.swift in Sources */ = {isa = PBXBuildFile; fileRef = A10000024; };
		A10001025 /* VaultView.swift in Sources */ = {isa = PBXBuildFile; fileRef = A10000025; };
		A10001026 /* FlashcardView.swift in Sources */ = {isa = PBXBuildFile; fileRef = A10000026; };
		A10001015 /* QuizView.swift in Sources */ = {isa = PBXBuildFile; fileRef = A10000015; };
		A10001016 /* QuizResultsView.swift in Sources */ = {isa = PBXBuildFile; fileRef = A10000016; };
		A10001027 /* ExamResultsView.swift in Sources */ = {isa = PBXBuildFile; fileRef = A10000027; };
		A10001018 /* SettingsView.swift in Sources */ = {isa = PBXBuildFile; fileRef = A10000018; };
		A10001019 /* Assets.xcassets in Resources */ = {isa = PBXBuildFile; fileRef = A10000019; };
		A10001020 /* ProjectVaultQuestions.json in Resources */ = {isa = PBXBuildFile; fileRef = A10000020; };
/* End PBXBuildFile section */

/* Begin PBXFileReference section */
		A10000001 /* ProjectVaultApp.swift */ = {isa = PBXFileReference; lastKnownFileType = sourcecode.swift; path = ProjectVaultApp.swift; sourceTree = "<group>"; };
		A10000002 /* ContentView.swift */ = {isa = PBXFileReference; lastKnownFileType = sourcecode.swift; path = ContentView.swift; sourceTree = "<group>"; };
		A10000003 /* Question.swift */ = {isa = PBXFileReference; lastKnownFileType = sourcecode.swift; path = Question.swift; sourceTree = "<group>"; };
		A10000004 /* Domain.swift */ = {isa = PBXFileReference; lastKnownFileType = sourcecode.swift; path = Domain.swift; sourceTree = "<group>"; };
		A10000005 /* QuizSession.swift */ = {isa = PBXFileReference; lastKnownFileType = sourcecode.swift; path = QuizSession.swift; sourceTree = "<group>"; };
		A10000006 /* Theme.swift */ = {isa = PBXFileReference; lastKnownFileType = sourcecode.swift; path = Theme.swift; sourceTree = "<group>"; };
		A10000021 /* DataService.swift */ = {isa = PBXFileReference; lastKnownFileType = sourcecode.swift; path = DataService.swift; sourceTree = "<group>"; };
		A10000028 /* StoreKitManager.swift */ = {isa = PBXFileReference; lastKnownFileType = sourcecode.swift; path = StoreKitManager.swift; sourceTree = "<group>"; };
		A10000029 /* PaywallView.swift */ = {isa = PBXFileReference; lastKnownFileType = sourcecode.swift; path = PaywallView.swift; sourceTree = "<group>"; };
		A10000030 /* StatsDashboardView.swift */ = {isa = PBXFileReference; lastKnownFileType = sourcecode.swift; path = StatsDashboardView.swift; sourceTree = "<group>"; };
		A10000009 /* AppState.swift */ = {isa = PBXFileReference; lastKnownFileType = sourcecode.swift; path = AppState.swift; sourceTree = "<group>"; };
		A10000010 /* QuizViewModel.swift */ = {isa = PBXFileReference; lastKnownFileType = sourcecode.swift; path = QuizViewModel.swift; sourceTree = "<group>"; };
		A10000011 /* SplashScreenView.swift */ = {isa = PBXFileReference; lastKnownFileType = sourcecode.swift; path = SplashScreenView.swift; sourceTree = "<group>"; };
		A10000012 /* MainTabView.swift */ = {isa = PBXFileReference; lastKnownFileType = sourcecode.swift; path = MainTabView.swift; sourceTree = "<group>"; };
		A10000013 /* HomeView.swift */ = {isa = PBXFileReference; lastKnownFileType = sourcecode.swift; path = HomeView.swift; sourceTree = "<group>"; };
		A10000022 /* StudyView.swift */ = {isa = PBXFileReference; lastKnownFileType = sourcecode.swift; path = StudyView.swift; sourceTree = "<group>"; };
		A10000023 /* QuickQuizView.swift */ = {isa = PBXFileReference; lastKnownFileType = sourcecode.swift; path = QuickQuizView.swift; sourceTree = "<group>"; };
		A10000024 /* MockExamView.swift */ = {isa = PBXFileReference; lastKnownFileType = sourcecode.swift; path = MockExamView.swift; sourceTree = "<group>"; };
		A10000025 /* VaultView.swift */ = {isa = PBXFileReference; lastKnownFileType = sourcecode.swift; path = VaultView.swift; sourceTree = "<group>"; };
		A10000026 /* FlashcardView.swift */ = {isa = PBXFileReference; lastKnownFileType = sourcecode.swift; path = FlashcardView.swift; sourceTree = "<group>"; };
		A10000015 /* QuizView.swift */ = {isa = PBXFileReference; lastKnownFileType = sourcecode.swift; path = QuizView.swift; sourceTree = "<group>"; };
		A10000016 /* QuizResultsView.swift */ = {isa = PBXFileReference; lastKnownFileType = sourcecode.swift; path = QuizResultsView.swift; sourceTree = "<group>"; };
		A10000027 /* ExamResultsView.swift */ = {isa = PBXFileReference; lastKnownFileType = sourcecode.swift; path = ExamResultsView.swift; sourceTree = "<group>"; };
		A10000018 /* SettingsView.swift */ = {isa = PBXFileReference; lastKnownFileType = sourcecode.swift; path = SettingsView.swift; sourceTree = "<group>"; };
		A10000019 /* Assets.xcassets */ = {isa = PBXFileReference; lastKnownFileType = folder.assetcatalog; path = Assets.xcassets; sourceTree = "<group>"; };
		A10000020 /* ProjectVaultQuestions.json */ = {isa = PBXFileReference; lastKnownFileType = text.json; path = ProjectVaultQuestions.json; sourceTree = "<group>"; };
		A10000099 /* ProjectVault.app */ = {isa = PBXFileReference; explicitFileType = wrapper.application; includeInIndex = 0; path = ProjectVault.app; sourceTree = BUILT_PRODUCTS_DIR; };
/* End PBXFileReference section */

/* Begin PBXFrameworksBuildPhase section */
		A10002001 /* Frameworks */ = {
			isa = PBXFrameworksBuildPhase;
			buildActionMask = 2147483647;
			files = (
			);
			runOnlyForDeploymentPostprocessing = 0;
		};
/* End PBXFrameworksBuildPhase section */

/* Begin PBXGroup section */
		A10003000 = {
			isa = PBXGroup;
			children = (
				A10003001 /* ProjectVault */,
				A10003099 /* Products */,
			);
			sourceTree = "<group>";
		};
		A10003099 /* Products */ = {
			isa = PBXGroup;
			children = (
				A10000099 /* ProjectVault.app */,
			);
			name = Products;
			sourceTree = "<group>";
		};
		A10003001 /* ProjectVault */ = {
			isa = PBXGroup;
			children = (
				A10003002 /* App */,
				A10003003 /* Models */,
				A10003004 /* Views */,
				A10003006 /* ViewModels */,
				A10003007 /* Services */,
				A10003008 /* Theme */,
				A10003009 /* Data */,
				A10003010 /* Resources */,
			);
			path = ProjectVault;
			sourceTree = "<group>";
		};
		A10003002 /* App */ = {
			isa = PBXGroup;
			children = (
				A10000001 /* ProjectVaultApp.swift */,
				A10000002 /* ContentView.swift */,
			);
			path = App;
			sourceTree = "<group>";
		};
		A10003003 /* Models */ = {
			isa = PBXGroup;
			children = (
				A10000003 /* Question.swift */,
				A10000004 /* Domain.swift */,
				A10000005 /* QuizSession.swift */,
			);
			path = Models;
			sourceTree = "<group>";
		};
		A10003004 /* Views */ = {
			isa = PBXGroup;
			children = (
				A10000011 /* SplashScreenView.swift */,
				A10000012 /* MainTabView.swift */,
				A10000013 /* HomeView.swift */,
				A10000022 /* StudyView.swift */,
				A10000023 /* QuickQuizView.swift */,
				A10000024 /* MockExamView.swift */,
				A10000025 /* VaultView.swift */,
				A10000026 /* FlashcardView.swift */,
				A10000015 /* QuizView.swift */,
				A10000016 /* QuizResultsView.swift */,
				A10000027 /* ExamResultsView.swift */,
				A10000029 /* PaywallView.swift */,
				A10000030 /* StatsDashboardView.swift */,
				A10000018 /* SettingsView.swift */,
				A10003005 /* Components */,
			);
			path = Views;
			sourceTree = "<group>";
		};
		A10003005 /* Components */ = {
			isa = PBXGroup;
			children = (
			);
			path = Components;
			sourceTree = "<group>";
		};
		A10003006 /* ViewModels */ = {
			isa = PBXGroup;
			children = (
				A10000009 /* AppState.swift */,
				A10000010 /* QuizViewModel.swift */,
			);
			path = ViewModels;
			sourceTree = "<group>";
		};
		A10003007 /* Services */ = {
			isa = PBXGroup;
			children = (
				A10000021 /* DataService.swift */,
				A10000028 /* StoreKitManager.swift */,
			);
			path = Services;
			sourceTree = "<group>";
		};
		A10003008 /* Theme */ = {
			isa = PBXGroup;
			children = (
				A10000006 /* Theme.swift */,
			);
			path = Theme;
			sourceTree = "<group>";
		};
		A10003009 /* Data */ = {
			isa = PBXGroup;
			children = (
				A10000020 /* ProjectVaultQuestions.json */,
			);
			path = Data;
			sourceTree = "<group>";
		};
		A10003010 /* Resources */ = {
			isa = PBXGroup;
			children = (
				A10000019 /* Assets.xcassets */,
			);
			path = Resources;
			sourceTree = "<group>";
		};
/* End PBXGroup section */

/* Begin PBXNativeTarget section */
		A10004001 /* ProjectVault */ = {
			isa = PBXNativeTarget;
			buildConfigurationList = A10006001 /* Build configuration list for PBXNativeTarget "ProjectVault" */;
			buildPhases = (
				A10005001 /* Sources */,
				A10002001 /* Frameworks */,
				A10005002 /* Resources */,
			);
			buildRules = (
			);
			dependencies = (
			);
			name = ProjectVault;
			productName = ProjectVault;
			productReference = A10000099 /* ProjectVault.app */;
			productType = "com.apple.product-type.application";
		};
/* End PBXNativeTarget section */

/* Begin PBXProject section */
		A10007001 /* Project object */ = {
			isa = PBXProject;
			attributes = {
				BuildIndependentTargetsInParallel = 1;
				LastSwiftUpdateCheck = 1600;
				LastUpgradeCheck = 1600;
				TargetAttributes = {
					A10004001 = {
						CreatedOnToolsVersion = 16.0;
					};
				};
			};
			buildConfigurationList = A10006002 /* Build configuration list for PBXProject "ProjectVault" */;
			compatibilityVersion = "Xcode 14.0";
			developmentRegion = en;
			hasScannedForEncodings = 0;
			knownRegions = (
				en,
				Base,
			);
			mainGroup = A10003000;
			productRefGroup = A10003099 /* Products */;
			projectDirPath = "";
			projectRoot = "";
			targets = (
				A10004001 /* ProjectVault */,
			);
		};
/* End PBXProject section */

/* Begin PBXResourcesBuildPhase section */
		A10005002 /* Resources */ = {
			isa = PBXResourcesBuildPhase;
			buildActionMask = 2147483647;
			files = (
				A10001019 /* Assets.xcassets in Resources */,
				A10001020 /* ProjectVaultQuestions.json in Resources */,
			);
			runOnlyForDeploymentPostprocessing = 0;
		};
/* End PBXResourcesBuildPhase section */

/* Begin PBXSourcesBuildPhase section */
		A10005001 /* Sources */ = {
			isa = PBXSourcesBuildPhase;
			buildActionMask = 2147483647;
			files = (
				A10001001 /* ProjectVaultApp.swift in Sources */,
				A10001002 /* ContentView.swift in Sources */,
				A10001003 /* Question.swift in Sources */,
				A10001004 /* Domain.swift in Sources */,
				A10001005 /* QuizSession.swift in Sources */,
				A10001006 /* Theme.swift in Sources */,
				A10001021 /* DataService.swift in Sources */,
				A10001028 /* StoreKitManager.swift in Sources */,
				A10001029 /* PaywallView.swift in Sources */,
				A10001030 /* StatsDashboardView.swift in Sources */,
				A10001009 /* AppState.swift in Sources */,
				A10001010 /* QuizViewModel.swift in Sources */,
				A10001011 /* SplashScreenView.swift in Sources */,
				A10001012 /* MainTabView.swift in Sources */,
				A10001013 /* HomeView.swift in Sources */,
				A10001022 /* StudyView.swift in Sources */,
				A10001023 /* QuickQuizView.swift in Sources */,
				A10001024 /* MockExamView.swift in Sources */,
				A10001025 /* VaultView.swift in Sources */,
				A10001026 /* FlashcardView.swift in Sources */,
				A10001015 /* QuizView.swift in Sources */,
				A10001016 /* QuizResultsView.swift in Sources */,
				A10001027 /* ExamResultsView.swift in Sources */,
				A10001018 /* SettingsView.swift in Sources */,
			);
			runOnlyForDeploymentPostprocessing = 0;
		};
/* End PBXSourcesBuildPhase section */

/* Begin XCBuildConfiguration section */
		A10008001 /* Debug */ = {
			isa = XCBuildConfiguration;
			buildSettings = {
				ALWAYS_SEARCH_USER_PATHS = NO;
				ASSETCATALOG_COMPILER_GENERATE_SWIFT_ASSET_SYMBOL_EXTENSIONS = YES;
				CLANG_ANALYZER_NONNULL = YES;
				CLANG_ANALYZER_NUMBER_OBJECT_CONVERSION = YES_AGGRESSIVE;
				CLANG_CXX_LANGUAGE_STANDARD = "gnu++20";
				CLANG_ENABLE_MODULES = YES;
				CLANG_ENABLE_OBJC_ARC = YES;
				CLANG_ENABLE_OBJC_WEAK = YES;
				CLANG_WARN_BLOCK_CAPTURE_AUTORELEASING = YES;
				CLANG_WARN_BOOL_CONVERSION = YES;
				CLANG_WARN_COMMA = YES;
				CLANG_WARN_CONSTANT_CONVERSION = YES;
				CLANG_WARN_DEPRECATED_OBJC_IMPLEMENTATIONS = YES;
				CLANG_WARN_DIRECT_OBJC_ISA_USAGE = YES_ERROR;
				CLANG_WARN_DOCUMENTATION_COMMENTS = YES;
				CLANG_WARN_EMPTY_BODY = YES;
				CLANG_WARN_ENUM_CONVERSION = YES;
				CLANG_WARN_INFINITE_RECURSION = YES;
				CLANG_WARN_INT_CONVERSION = YES;
				CLANG_WARN_NON_LITERAL_NULL_CONVERSION = YES;
				CLANG_WARN_OBJC_IMPLICIT_RETAIN_SELF = YES;
				CLANG_WARN_OBJC_LITERAL_CONVERSION = YES;
				CLANG_WARN_OBJC_ROOT_CLASS = YES_ERROR;
				CLANG_WARN_QUOTED_INCLUDE_IN_FRAMEWORK_HEADER = YES;
				CLANG_WARN_RANGE_LOOP_ANALYSIS = YES;
				CLANG_WARN_STRICT_PROTOTYPES = YES;
				CLANG_WARN_SUSPICIOUS_MOVE = YES;
				CLANG_WARN_UNGUARDED_AVAILABILITY = YES_AGGRESSIVE;
				CLANG_WARN_UNREACHABLE_CODE = YES;
				CLANG_WARN__DUPLICATE_METHOD_MATCH = YES;
				COPY_PHASE_STRIP = NO;
				DEBUG_INFORMATION_FORMAT = dwarf;
				ENABLE_STRICT_OBJC_MSGSEND = YES;
				ENABLE_TESTABILITY = YES;
				ENABLE_USER_SCRIPT_SANDBOXING = YES;
				GCC_C_LANGUAGE_STANDARD = gnu17;
				GCC_DYNAMIC_NO_PIC = NO;
				GCC_NO_COMMON_BLOCKS = YES;
				GCC_OPTIMIZATION_LEVEL = 0;
				GCC_PREPROCESSOR_DEFINITIONS = (
					"DEBUG=1",
					"$(inherited)",
				);
				GCC_WARN_64_TO_32_BIT_CONVERSION = YES;
				GCC_WARN_ABOUT_RETURN_TYPE = YES_ERROR;
				GCC_WARN_UNDECLARED_SELECTOR = YES;
				GCC_WARN_UNINITIALIZED_AUTOS = YES_AGGRESSIVE;
				GCC_WARN_UNUSED_FUNCTION = YES;
				GCC_WARN_UNUSED_VARIABLE = YES;
				IPHONEOS_DEPLOYMENT_TARGET = 18.0;
				LOCALIZATION_PREFERS_STRING_CATALOGS = YES;
				MTL_ENABLE_DEBUG_INFO = INCLUDE_SOURCE;
				MTL_FAST_MATH = YES;
				ONLY_ACTIVE_ARCH = YES;
				SDKROOT = iphoneos;
				SWIFT_ACTIVE_COMPILATION_CONDITIONS = "DEBUG $(inherited)";
				SWIFT_OPTIMIZATION_LEVEL = "-Onone";
			};
			name = Debug;
		};
		A10008002 /* Release */ = {
			isa = XCBuildConfiguration;
			buildSettings = {
				ALWAYS_SEARCH_USER_PATHS = NO;
				ASSETCATALOG_COMPILER_GENERATE_SWIFT_ASSET_SYMBOL_EXTENSIONS = YES;
				CLANG_ANALYZER_NONNULL = YES;
				CLANG_ANALYZER_NUMBER_OBJECT_CONVERSION = YES_AGGRESSIVE;
				CLANG_CXX_LANGUAGE_STANDARD = "gnu++20";
				CLANG_ENABLE_MODULES = YES;
				CLANG_ENABLE_OBJC_ARC = YES;
				CLANG_ENABLE_OBJC_WEAK = YES;
				CLANG_WARN_BLOCK_CAPTURE_AUTORELEASING = YES;
				CLANG_WARN_BOOL_CONVERSION = YES;
				CLANG_WARN_COMMA = YES;
				CLANG_WARN_CONSTANT_CONVERSION = YES;
				CLANG_WARN_DEPRECATED_OBJC_IMPLEMENTATIONS = YES;
				CLANG_WARN_DIRECT_OBJC_ISA_USAGE = YES_ERROR;
				CLANG_WARN_DOCUMENTATION_COMMENTS = YES;
				CLANG_WARN_EMPTY_BODY = YES;
				CLANG_WARN_ENUM_CONVERSION = YES;
				CLANG_WARN_INFINITE_RECURSION = YES;
				CLANG_WARN_INT_CONVERSION = YES;
				CLANG_WARN_NON_LITERAL_NULL_CONVERSION = YES;
				CLANG_WARN_OBJC_IMPLICIT_RETAIN_SELF = YES;
				CLANG_WARN_OBJC_LITERAL_CONVERSION = YES;
				CLANG_WARN_OBJC_ROOT_CLASS = YES_ERROR;
				CLANG_WARN_QUOTED_INCLUDE_IN_FRAMEWORK_HEADER = YES;
				CLANG_WARN_RANGE_LOOP_ANALYSIS = YES;
				CLANG_WARN_STRICT_PROTOTYPES = YES;
				CLANG_WARN_SUSPICIOUS_MOVE = YES;
				CLANG_WARN_UNGUARDED_AVAILABILITY = YES_AGGRESSIVE;
				CLANG_WARN_UNREACHABLE_CODE = YES;
				CLANG_WARN__DUPLICATE_METHOD_MATCH = YES;
				COPY_PHASE_STRIP = NO;
				DEBUG_INFORMATION_FORMAT = "dwarf-with-dsym";
				ENABLE_NS_ASSERTIONS = NO;
				ENABLE_STRICT_OBJC_MSGSEND = YES;
				ENABLE_USER_SCRIPT_SANDBOXING = YES;
				GCC_C_LANGUAGE_STANDARD = gnu17;
				GCC_NO_COMMON_BLOCKS = YES;
				GCC_WARN_64_TO_32_BIT_CONVERSION = YES;
				GCC_WARN_ABOUT_RETURN_TYPE = YES_ERROR;
				GCC_WARN_UNDECLARED_SELECTOR = YES;
				GCC_WARN_UNINITIALIZED_AUTOS = YES_AGGRESSIVE;
				GCC_WARN_UNUSED_FUNCTION = YES;
				GCC_WARN_UNUSED_VARIABLE = YES;
				IPHONEOS_DEPLOYMENT_TARGET = 18.0;
				LOCALIZATION_PREFERS_STRING_CATALOGS = YES;
				MTL_ENABLE_DEBUG_INFO = NO;
				MTL_FAST_MATH = YES;
				SDKROOT = iphoneos;
				SWIFT_COMPILATION_MODE = wholemodule;
				VALIDATE_PRODUCT = YES;
			};
			name = Release;
		};
		A10008003 /* Debug */ = {
			isa = XCBuildConfiguration;
			buildSettings = {
				ASSETCATALOG_COMPILER_APPICON_NAME = AppIcon;
				ASSETCATALOG_COMPILER_GLOBAL_ACCENT_COLOR_NAME = AccentColor;
				CODE_SIGN_STYLE = Automatic;
				CURRENT_PROJECT_VERSION = 1;
				DEVELOPMENT_TEAM = "";
				ENABLE_PREVIEWS = YES;
				GENERATE_INFOPLIST_FILE = YES;
				INFOPLIST_KEY_CFBundleDisplayName = "Project+ Vault";
				INFOPLIST_KEY_UIApplicationSceneManifest_Generation = YES;
				INFOPLIST_KEY_UIApplicationSupportsIndirectInputEvents = YES;
				INFOPLIST_KEY_UILaunchScreen_Generation = YES;
				INFOPLIST_KEY_UISupportedInterfaceOrientations = UIInterfaceOrientationPortrait;
				INFOPLIST_KEY_UISupportedInterfaceOrientations_iPad = "UIInterfaceOrientationLandscapeLeft UIInterfaceOrientationLandscapeRight UIInterfaceOrientationPortrait UIInterfaceOrientationPortraitUpsideDown";
				LD_RUNPATH_SEARCH_PATHS = (
					"$(inherited)",
					"@executable_path/Frameworks",
				);
				MARKETING_VERSION = 1.0.0;
				PRODUCT_BUNDLE_IDENTIFIER = com.projectvault.app;
				PRODUCT_NAME = "$(TARGET_NAME)";
				SUPPORTED_PLATFORMS = "iphoneos iphonesimulator";
				SUPPORTS_MACCATALYST = NO;
				SWIFT_EMIT_LOC_STRINGS = YES;
				SWIFT_STRICT_CONCURRENCY = complete;
				SWIFT_VERSION = 6.0;
				TARGETED_DEVICE_FAMILY = "1,2";
			};
			name = Debug;
		};
		A10008004 /* Release */ = {
			isa = XCBuildConfiguration;
			buildSettings = {
				ASSETCATALOG_COMPILER_APPICON_NAME = AppIcon;
				ASSETCATALOG_COMPILER_GLOBAL_ACCENT_COLOR_NAME = AccentColor;
				CODE_SIGN_STYLE = Automatic;
				CURRENT_PROJECT_VERSION = 1;
				DEVELOPMENT_TEAM = "";
				ENABLE_PREVIEWS = YES;
				GENERATE_INFOPLIST_FILE = YES;
				INFOPLIST_KEY_CFBundleDisplayName = "Project+ Vault";
				INFOPLIST_KEY_UIApplicationSceneManifest_Generation = YES;
				INFOPLIST_KEY_UIApplicationSupportsIndirectInputEvents = YES;
				INFOPLIST_KEY_UILaunchScreen_Generation = YES;
				INFOPLIST_KEY_UISupportedInterfaceOrientations = UIInterfaceOrientationPortrait;
				INFOPLIST_KEY_UISupportedInterfaceOrientations_iPad = "UIInterfaceOrientationLandscapeLeft UIInterfaceOrientationLandscapeRight UIInterfaceOrientationPortrait UIInterfaceOrientationPortraitUpsideDown";
				LD_RUNPATH_SEARCH_PATHS = (
					"$(inherited)",
					"@executable_path/Frameworks",
				);
				MARKETING_VERSION = 1.0.0;
				PRODUCT_BUNDLE_IDENTIFIER = com.projectvault.app;
				PRODUCT_NAME = "$(TARGET_NAME)";
				SUPPORTED_PLATFORMS = "iphoneos iphonesimulator";
				SUPPORTS_MACCATALYST = NO;
				SWIFT_EMIT_LOC_STRINGS = YES;
				SWIFT_STRICT_CONCURRENCY = complete;
				SWIFT_VERSION = 6.0;
				TARGETED_DEVICE_FAMILY = "1,2";
			};
			name = Release;
		};
/* End XCBuildConfiguration section */

/* Begin XCConfigurationList section */
		A10006001 /* Build configuration list for PBXNativeTarget "ProjectVault" */ = {
			isa = XCConfigurationList;
			buildConfigurations = (
				A10008003 /* Debug */,
				A10008004 /* Release */,
			);
			defaultConfigurationIsVisible = 0;
			defaultConfigurationName = Release;
		};
		A10006002 /* Build configuration list for PBXProject "ProjectVault" */ = {
			isa = XCConfigurationList;
			buildConfigurations = (
				A10008001 /* Debug */,
				A10008002 /* Release */,
			);
			defaultConfigurationIsVisible = 0;
			defaultConfigurationName = Release;
		};
/* End XCConfigurationList section */
	};
	rootObject = A10007001 /* Project object */;
}
